
Microsoft Visual Studio Solution File, Format Version 12.00
Project("{FAE04EC0-301F-11D3-BF4B-00C04F79EFBC}") = "CandyFactory1", "CandyFactory1\CandyFactory1.csproj", "{016C4AE2-A43D-4E38-8115-F9ADD423CE26}"
EndProject
Global
	GlobalSection(SolutionConfigurationPlatforms) = preSolution
		Debug|Any CPU = Debug|Any CPU
		Release|Any CPU = Release|Any CPU
	EndGlobalSection
	GlobalSection(ProjectConfigurationPlatforms) = postSolution
		{016C4AE2-A43D-4E38-8115-F9ADD423CE26}.Debug|Any CPU.ActiveCfg = Debug|Any CPU
		{016C4AE2-A43D-4E38-8115-F9ADD423CE26}.Debug|Any CPU.Build.0 = Debug|Any CPU
		{016C4AE2-A43D-4E38-8115-F9ADD423CE26}.Release|Any CPU.ActiveCfg = Release|Any CPU
		{016C4AE2-A43D-4E38-8115-F9ADD423CE26}.Release|Any CPU.Build.0 = Release|Any CPU
	EndGlobalSection
EndGlobal
